github.com/golang/protobuf v0.0.0-20161117033126-8ee79997227b h1:fE/yi9pibxGEc0gSJuEShcsBXE2d5FW3OudsjE9tKzQ=
github.com/golang/protobuf v0.0.0-20161117033126-8ee79997227b/go.mod h1:6lQm79b+lXiMfvg/cZm0SGofjICqVBUtrP5yJMmIC1U=
github.com/pingcap/tipb v0.0.0-20170310053819-1043caee48da h1:DYBPt8ui5cxeiUB2rdLz0W2ptwH5cT95XN4aXGo/JEE=
github.com/pingcap/tipb v0.0.0-20170310053819-1043caee48da/go.mod h1:RtkHW8WbcNxj8lsbzjaILci01CtYnYbIkQhjyZWrWVI=
golang.org/x/net v0.0.0-20160225202940-6acef71eb696 h1:XXn4MjfKsmXEmSCU3NJj7FBWWP2FkupJxbaqHYnCd+A=
golang.org/x/net v0.0.0-20160225202940-6acef71eb696/go.mod h1:mL1N/T3taQHkDXs73rZJwtUhF3w3ftmwwsq0BUmARs4=
golang.org/x/sync v0.0.0-20180314180146-1d60e4601c6f h1:wMNYb4v58l5UBM7MYRLPG6ZhfOqbKu7X5eyFl8ZhKvA=
golang.org/x/sync v0.0.0-20180314180146-1d60e4601c6f/go.mod h1:RxMgew5VJxzue5/jJTE5uejpjVlOe/izrB70Jof72aM=
google.golang.org/grpc v1.2.1 h1:uXbsPclX7+aYIzPCched4e5D5dguzKH7wW8cyJ9r2Pk=
google.golang.org/grpc v1.2.1/go.mod h1:yo6s7OP7yaDglbqo1J04qKzAhqBH6lvTonzMVmEdcZw=
